
Microsoft Visual Studio Solution File, Format Version 12.00
# Visual Studio Version 16
VisualStudioVersion = 16.0.31424.327
MinimumVisualStudioVersion = 10.0.40219.1
Project("{FAE04EC0-301F-11D3-BF4B-00C04F79EFBC}") = "EDD_27-09_struct", "EDD_27-09_struct\EDD_27-09_struct.csproj", "{28CF7402-0C80-4011-BD4D-24472C22D09D}"
EndProject
Global
	GlobalSection(SolutionConfigurationPlatforms) = preSolution
		Debug|Any CPU = Debug|Any CPU
		Release|Any CPU = Release|Any CPU
	EndGlobalSection
	GlobalSection(ProjectConfigurationPlatforms) = postSolution
		{28CF7402-0C80-4011-BD4D-24472C22D09D}.Debug|Any CPU.ActiveCfg = Debug|Any CPU
		{28CF7402-0C80-4011-BD4D-24472C22D09D}.Debug|Any CPU.Build.0 = Debug|Any CPU
		{28CF7402-0C80-4011-BD4D-24472C22D09D}.Release|Any CPU.ActiveCfg = Release|Any CPU
		{28CF7402-0C80-4011-BD4D-24472C22D09D}.Release|Any CPU.Build.0 = Release|Any CPU
	EndGlobalSection
	GlobalSection(SolutionProperties) = preSolution
		HideSolutionNode = FALSE
	EndGlobalSection
	GlobalSection(ExtensibilityGlobals) = postSolution
		SolutionGuid = {E4CDF00D-3938-4F8B-824D-0835C01009CC}
	EndGlobalSection
EndGlobal
